
Microsoft Visual Studio Solution File, Format Version 12.00
# Visual Studio Version 17
VisualStudioVersion = 17.0.31903.59
MinimumVisualStudioVersion = 10.0.40219.1
Project("{FAE04EC0-301F-11D3-BF4B-00C04F79EFBC}") = "DataStructures", "DataStructures\DataStructures.csproj", "{3F32E599-300A-44A6-9955-487A4DB1CCA7}"
EndProject
Project("{FAE04EC0-301F-11D3-BF4B-00C04F79EFBC}") = "DataStructures.Tests", "DataStructures.Tests\DataStructures.Tests.csproj", "{24E94135-687E-42AE-906C-0D7F4E370A14}"
EndProject
Global
	GlobalSection(SolutionConfigurationPlatforms) = preSolution
		Debug|Any CPU = Debug|Any CPU
		Release|Any CPU = Release|Any CPU
	EndGlobalSection
	GlobalSection(SolutionProperties) = preSolution
		HideSolutionNode = FALSE
	EndGlobalSection
	GlobalSection(ProjectConfigurationPlatforms) = postSolution
		{3F32E599-300A-44A6-9955-487A4DB1CCA7}.Debug|Any CPU.ActiveCfg = Debug|Any CPU
		{3F32E599-300A-44A6-9955-487A4DB1CCA7}.Debug|Any CPU.Build.0 = Debug|Any CPU
		{3F32E599-300A-44A6-9955-487A4DB1CCA7}.Release|Any CPU.ActiveCfg = Release|Any CPU
		{3F32E599-300A-44A6-9955-487A4DB1CCA7}.Release|Any CPU.Build.0 = Release|Any CPU
		{24E94135-687E-42AE-906C-0D7F4E370A14}.Debug|Any CPU.ActiveCfg = Debug|Any CPU
		{24E94135-687E-42AE-906C-0D7F4E370A14}.Debug|Any CPU.Build.0 = Debug|Any CPU
		{24E94135-687E-42AE-906C-0D7F4E370A14}.Release|Any CPU.ActiveCfg = Release|Any CPU
		{24E94135-687E-42AE-906C-0D7F4E370A14}.Release|Any CPU.Build.0 = Release|Any CPU
	EndGlobalSection
EndGlobal
